// !$*UTF8*$!
{
	archiveVersion = 1;
	classes = {
	};
	objectVersion = 56;
	objects = {

/* Begin PBXBuildFile section */
		AF0F392C2B4996A1004A2625 /* Teams.swift in Sources */ = {isa = PBXBuildFile; fileRef = AF0F392B2B4996A1004A2625 /* Teams.swift */; };
		AF0F392E2B4996C1004A2625 /* GetComps.swift in Sources */ = {isa = PBXBuildFile; fileRef = AF0F392D2B4996C1004A2625 /* GetComps.swift */; };
		AF0F39302B49975A004A2625 /* GetURL.swift in Sources */ = {isa = PBXBuildFile; fileRef = AF0F392F2B49975A004A2625 /* GetURL.swift */; };
		AF108A052B4F96A100076375 /* DateBoxView.swift in Sources */ = {isa = PBXBuildFile; fileRef = AF108A042B4F96A100076375 /* DateBoxView.swift */; };
		AF2E36C52B4BD3AB00BCF867 /* Rounds.swift in Sources */ = {isa = PBXBuildFile; fileRef = AF2E36C42B4BD3AB00BCF867 /* Rounds.swift */; };
		AF2E36C72B4BD7C400BCF867 /* GetRounds.swift in Sources */ = {isa = PBXBuildFile; fileRef = AF2E36C62B4BD7C400BCF867 /* GetRounds.swift */; };
		AF31F0532B4AA3920086C0B2 /* CurrentTeamsView.swift in Sources */ = {isa = PBXBuildFile; fileRef = AF31F0522B4AA3920086C0B2 /* CurrentTeamsView.swift */; };
		AF63D7672B4E788B00153A08 /* GetFixtures.swift in Sources */ = {isa = PBXBuildFile; fileRef = AF63D7662B4E788B00153A08 /* GetFixtures.swift */; };
		AF7BE9C32B496F5800EDD3AE /* LoadingView.swift in Sources */ = {isa = PBXBuildFile; fileRef = AF7BE9C22B496F5800EDD3AE /* LoadingView.swift */; };
		AF7BE9C52B49727B00EDD3AE /* CurrentTeams.swift in Sources */ = {isa = PBXBuildFile; fileRef = AF7BE9C42B49727B00EDD3AE /* CurrentTeams.swift */; };
		AFCB36752B514A6D005683FA /* GetPlayers.swift in Sources */ = {isa = PBXBuildFile; fileRef = AFCB36742B514A6D005683FA /* GetPlayers.swift */; };
		AFCB36772B514AB1005683FA /* Players.swift in Sources */ = {isa = PBXBuildFile; fileRef = AFCB36762B514AB1005683FA /* Players.swift */; };
		AFCC51BA2B4A630F00C25C55 /* GetCompView.swift in Sources */ = {isa = PBXBuildFile; fileRef = AFCC51B92B4A630F00C25C55 /* GetCompView.swift */; };
		AFCC51BC2B4A63F600C25C55 /* GetTeamView.swift in Sources */ = {isa = PBXBuildFile; fileRef = AFCC51BB2B4A63F600C25C55 /* GetTeamView.swift */; };
		AFDCD3502B4905F900753864 /* TopFrameView.swift in Sources */ = {isa = PBXBuildFile; fileRef = AFDCD34F2B4905F900753864 /* TopFrameView.swift */; };
		AFDCD3522B49067F00753864 /* TabItems.swift in Sources */ = {isa = PBXBuildFile; fileRef = AFDCD3512B49067F00753864 /* TabItems.swift */; };
		AFE2A8262B4E9E35001DC739 /* RoundSummaryView.swift in Sources */ = {isa = PBXBuildFile; fileRef = AFE2A8252B4E9E35001DC739 /* RoundSummaryView.swift */; };
		AFE2A8282B4EA3C7001DC739 /* RoundHeaderView.swift in Sources */ = {isa = PBXBuildFile; fileRef = AFE2A8272B4EA3C7001DC739 /* RoundHeaderView.swift */; };
		AFEFC5B72B4FA96B0075B203 /* HeaderView.swift in Sources */ = {isa = PBXBuildFile; fileRef = AFEFC5B62B4FA96B0075B203 /* HeaderView.swift */; };
		AFF447A22B484AA0002E4A1A /* myHockey_TASApp.swift in Sources */ = {isa = PBXBuildFile; fileRef = AFF447A12B484AA0002E4A1A /* myHockey_TASApp.swift */; };
		AFF447A42B484AA0002E4A1A /* ContentView.swift in Sources */ = {isa = PBXBuildFile; fileRef = AFF447A32B484AA0002E4A1A /* ContentView.swift */; };
		AFF447A62B484AA1002E4A1A /* Assets.xcassets in Resources */ = {isa = PBXBuildFile; fileRef = AFF447A52B484AA1002E4A1A /* Assets.xcassets */; };
		AFF447A92B484AA1002E4A1A /* Preview Assets.xcassets in Resources */ = {isa = PBXBuildFile; fileRef = AFF447A82B484AA1002E4A1A /* Preview Assets.xcassets */; };
		AFF447B02B484C8A002E4A1A /* LadderView.swift in Sources */ = {isa = PBXBuildFile; fileRef = AFF447AF2B484C8A002E4A1A /* LadderView.swift */; };
		AFF447B22B484C9C002E4A1A /* FixtureView.swift in Sources */ = {isa = PBXBuildFile; fileRef = AFF447B12B484C9C002E4A1A /* FixtureView.swift */; };
		AFF447B42B484CB8002E4A1A /* RoundView.swift in Sources */ = {isa = PBXBuildFile; fileRef = AFF447B32B484CB8002E4A1A /* RoundView.swift */; };
		AFF447B62B484CC8002E4A1A /* StatsView.swift in Sources */ = {isa = PBXBuildFile; fileRef = AFF447B52B484CC8002E4A1A /* StatsView.swift */; };
		AFF447B82B484D74002E4A1A /* SetupView.swift in Sources */ = {isa = PBXBuildFile; fileRef = AFF447B72B484D74002E4A1A /* SetupView.swift */; };
		AFF6A4012B4A3771001DF05C /* GetTeams.swift in Sources */ = {isa = PBXBuildFile; fileRef = AFF6A4002B4A3771001DF05C /* GetTeams.swift */; };
		AFF6A4032B4A3D20001DF05C /* General.swift in Sources */ = {isa = PBXBuildFile; fileRef = AFF6A4022B4A3D20001DF05C /* General.swift */; };
		AFF6A4052B4A4912001DF05C /* Clubs.swift in Sources */ = {isa = PBXBuildFile; fileRef = AFF6A4042B4A4912001DF05C /* Clubs.swift */; };
		AFFCB8562B52763200F87902 /* PlayersView.swift in Sources */ = {isa = PBXBuildFile; fileRef = AFFCB8552B52763200F87902 /* PlayersView.swift */; };
		AFFCB8582B52795D00F87902 /* GroundView.swift in Sources */ = {isa = PBXBuildFile; fileRef = AFFCB8572B52795D00F87902 /* GroundView.swift */; };
		AFFCB85A2B527A9F00F87902 /* GetGround.swift in Sources */ = {isa = PBXBuildFile; fileRef = AFFCB8592B527A9F00F87902 /* GetGround.swift */; };
		AFFE35E32B5187AD0009803E /* PlayerView.swift in Sources */ = {isa = PBXBuildFile; fileRef = AFFE35E22B5187AD0009803E /* PlayerView.swift */; };
/* End PBXBuildFile section */

/* Begin PBXFileReference section */
		AF0F392B2B4996A1004A2625 /* Teams.swift */ = {isa = PBXFileReference; lastKnownFileType = sourcecode.swift; path = Teams.swift; sourceTree = "<group>"; };
		AF0F392D2B4996C1004A2625 /* GetComps.swift */ = {isa = PBXFileReference; lastKnownFileType = sourcecode.swift; path = GetComps.swift; sourceTree = "<group>"; };
		AF0F392F2B49975A004A2625 /* GetURL.swift */ = {isa = PBXFileReference; lastKnownFileType = sourcecode.swift; path = GetURL.swift; sourceTree = "<group>"; };
		AF108A042B4F96A100076375 /* DateBoxView.swift */ = {isa = PBXFileReference; lastKnownFileType = sourcecode.swift; path = DateBoxView.swift; sourceTree = "<group>"; };
		AF2E36C42B4BD3AB00BCF867 /* Rounds.swift */ = {isa = PBXFileReference; lastKnownFileType = sourcecode.swift; path = Rounds.swift; sourceTree = "<group>"; };
		AF2E36C62B4BD7C400BCF867 /* GetRounds.swift */ = {isa = PBXFileReference; lastKnownFileType = sourcecode.swift; path = GetRounds.swift; sourceTree = "<group>"; };
		AF31F0522B4AA3920086C0B2 /* CurrentTeamsView.swift */ = {isa = PBXFileReference; lastKnownFileType = sourcecode.swift; path = CurrentTeamsView.swift; sourceTree = "<group>"; };
		AF63D7662B4E788B00153A08 /* GetFixtures.swift */ = {isa = PBXFileReference; lastKnownFileType = sourcecode.swift; path = GetFixtures.swift; sourceTree = "<group>"; };
		AF7BE9C22B496F5800EDD3AE /* LoadingView.swift */ = {isa = PBXFileReference; lastKnownFileType = sourcecode.swift; path = LoadingView.swift; sourceTree = "<group>"; };
		AF7BE9C42B49727B00EDD3AE /* CurrentTeams.swift */ = {isa = PBXFileReference; lastKnownFileType = sourcecode.swift; path = CurrentTeams.swift; sourceTree = "<group>"; };
		AFCB36742B514A6D005683FA /* GetPlayers.swift */ = {isa = PBXFileReference; lastKnownFileType = sourcecode.swift; path = GetPlayers.swift; sourceTree = "<group>"; };
		AFCB36762B514AB1005683FA /* Players.swift */ = {isa = PBXFileReference; lastKnownFileType = sourcecode.swift; path = Players.swift; sourceTree = "<group>"; };
		AFCC51B92B4A630F00C25C55 /* GetCompView.swift */ = {isa = PBXFileReference; lastKnownFileType = sourcecode.swift; path = GetCompView.swift; sourceTree = "<group>"; };
		AFCC51BB2B4A63F600C25C55 /* GetTeamView.swift */ = {isa = PBXFileReference; lastKnownFileType = sourcecode.swift; path = GetTeamView.swift; sourceTree = "<group>"; };
		AFDCD34F2B4905F900753864 /* TopFrameView.swift */ = {isa = PBXFileReference; lastKnownFileType = sourcecode.swift; path = TopFrameView.swift; sourceTree = "<group>"; };
		AFDCD3512B49067F00753864 /* TabItems.swift */ = {isa = PBXFileReference; lastKnownFileType = sourcecode.swift; path = TabItems.swift; sourceTree = "<group>"; };
		AFE2A8252B4E9E35001DC739 /* RoundSummaryView.swift */ = {isa = PBXFileReference; lastKnownFileType = sourcecode.swift; path = RoundSummaryView.swift; sourceTree = "<group>"; };
		AFE2A8272B4EA3C7001DC739 /* RoundHeaderView.swift */ = {isa = PBXFileReference; lastKnownFileType = sourcecode.swift; path = RoundHeaderView.swift; sourceTree = "<group>"; };
		AFEFC5B62B4FA96B0075B203 /* HeaderView.swift */ = {isa = PBXFileReference; lastKnownFileType = sourcecode.swift; path = HeaderView.swift; sourceTree = "<group>"; };
		AFF4479E2B484AA0002E4A1A /* myHockey TAS.app */ = {isa = PBXFileReference; explicitFileType = wrapper.application; includeInIndex = 0; path = "myHockey TAS.app"; sourceTree = BUILT_PRODUCTS_DIR; };
		AFF447A12B484AA0002E4A1A /* myHockey_TASApp.swift */ = {isa = PBXFileReference; lastKnownFileType = sourcecode.swift; path = myHockey_TASApp.swift; sourceTree = "<group>"; };
		AFF447A32B484AA0002E4A1A /* ContentView.swift */ = {isa = PBXFileReference; lastKnownFileType = sourcecode.swift; path = ContentView.swift; sourceTree = "<group>"; };
		AFF447A52B484AA1002E4A1A /* Assets.xcassets */ = {isa = PBXFileReference; lastKnownFileType = folder.assetcatalog; path = Assets.xcassets; sourceTree = "<group>"; };
		AFF447A82B484AA1002E4A1A /* Preview Assets.xcassets */ = {isa = PBXFileReference; lastKnownFileType = folder.assetcatalog; path = "Preview Assets.xcassets"; sourceTree = "<group>"; };
		AFF447AF2B484C8A002E4A1A /* LadderView.swift */ = {isa = PBXFileReference; lastKnownFileType = sourcecode.swift; path = LadderView.swift; sourceTree = "<group>"; };
		AFF447B12B484C9C002E4A1A /* FixtureView.swift */ = {isa = PBXFileReference; lastKnownFileType = sourcecode.swift; path = FixtureView.swift; sourceTree = "<group>"; };
		AFF447B32B484CB8002E4A1A /* RoundView.swift */ = {isa = PBXFileReference; lastKnownFileType = sourcecode.swift; path = RoundView.swift; sourceTree = "<group>"; };
		AFF447B52B484CC8002E4A1A /* StatsView.swift */ = {isa = PBXFileReference; lastKnownFileType = sourcecode.swift; path = StatsView.swift; sourceTree = "<group>"; };
		AFF447B72B484D74002E4A1A /* SetupView.swift */ = {isa = PBXFileReference; lastKnownFileType = sourcecode.swift; path = SetupView.swift; sourceTree = "<group>"; };
		AFF6A4002B4A3771001DF05C /* GetTeams.swift */ = {isa = PBXFileReference; lastKnownFileType = sourcecode.swift; path = GetTeams.swift; sourceTree = "<group>"; };
		AFF6A4022B4A3D20001DF05C /* General.swift */ = {isa = PBXFileReference; lastKnownFileType = sourcecode.swift; path = General.swift; sourceTree = "<group>"; };
		AFF6A4042B4A4912001DF05C /* Clubs.swift */ = {isa = PBXFileReference; lastKnownFileType = sourcecode.swift; path = Clubs.swift; sourceTree = "<group>"; };
		AFFCB8552B52763200F87902 /* PlayersView.swift */ = {isa = PBXFileReference; lastKnownFileType = sourcecode.swift; path = PlayersView.swift; sourceTree = "<group>"; };
		AFFCB8572B52795D00F87902 /* GroundView.swift */ = {isa = PBXFileReference; lastKnownFileType = sourcecode.swift; path = GroundView.swift; sourceTree = "<group>"; };
		AFFCB8592B527A9F00F87902 /* GetGround.swift */ = {isa = PBXFileReference; lastKnownFileType = sourcecode.swift; path = GetGround.swift; sourceTree = "<group>"; };
		AFFE35E22B5187AD0009803E /* PlayerView.swift */ = {isa = PBXFileReference; lastKnownFileType = sourcecode.swift; path = PlayerView.swift; sourceTree = "<group>"; };
/* End PBXFileReference section */

/* Begin PBXFrameworksBuildPhase section */
		AFF4479B2B484AA0002E4A1A /* Frameworks */ = {
			isa = PBXFrameworksBuildPhase;
			buildActionMask = 2147483647;
			files = (
			);
			runOnlyForDeploymentPostprocessing = 0;
		};
/* End PBXFrameworksBuildPhase section */

/* Begin PBXGroup section */
		AF1E07C32B49AA0E0047D9C4 /* Scripts */ = {
			isa = PBXGroup;
			children = (
				AFFCB8592B527A9F00F87902 /* GetGround.swift */,
				AFCB36742B514A6D005683FA /* GetPlayers.swift */,
				AF63D7662B4E788B00153A08 /* GetFixtures.swift */,
				AF2E36C62B4BD7C400BCF867 /* GetRounds.swift */,
				AF0F392D2B4996C1004A2625 /* GetComps.swift */,
				AF0F392F2B49975A004A2625 /* GetURL.swift */,
				AFF6A4002B4A3771001DF05C /* GetTeams.swift */,
				AFF6A4022B4A3D20001DF05C /* General.swift */,
			);
			path = Scripts;
			sourceTree = "<group>";
		};
		AF1E07C42B49AA160047D9C4 /* Data */ = {
			isa = PBXGroup;
			children = (
				AF7BE9C42B49727B00EDD3AE /* CurrentTeams.swift */,
				AF0F392B2B4996A1004A2625 /* Teams.swift */,
				AFDCD3512B49067F00753864 /* TabItems.swift */,
				AFDCD34F2B4905F900753864 /* TopFrameView.swift */,
				AFF6A4042B4A4912001DF05C /* Clubs.swift */,
				AF2E36C42B4BD3AB00BCF867 /* Rounds.swift */,
				AFCB36762B514AB1005683FA /* Players.swift */,
			);
			path = Data;
			sourceTree = "<group>";
		};
		AF1E07C52B49AA1E0047D9C4 /* Views */ = {
			isa = PBXGroup;
			children = (
				AFF6A3F92B4A343E001DF05C /* SubViews */,
				AFF447A32B484AA0002E4A1A /* ContentView.swift */,
				AFF447B12B484C9C002E4A1A /* FixtureView.swift */,
				AFF447AF2B484C8A002E4A1A /* LadderView.swift */,
				AFF447B32B484CB8002E4A1A /* RoundView.swift */,
				AFF447B52B484CC8002E4A1A /* StatsView.swift */,
				AFF447B72B484D74002E4A1A /* SetupView.swift */,
				AF7BE9C22B496F5800EDD3AE /* LoadingView.swift */,
			);
			path = Views;
			sourceTree = "<group>";
		};
		AFF447952B484AA0002E4A1A = {
			isa = PBXGroup;
			children = (
				AFF447A02B484AA0002E4A1A /* myHockey TAS */,
				AFF4479F2B484AA0002E4A1A /* Products */,
			);
			sourceTree = "<group>";
		};
		AFF4479F2B484AA0002E4A1A /* Products */ = {
			isa = PBXGroup;
			children = (
				AFF4479E2B484AA0002E4A1A /* myHockey TAS.app */,
			);
			name = Products;
			sourceTree = "<group>";
		};
		AFF447A02B484AA0002E4A1A /* myHockey TAS */ = {
			isa = PBXGroup;
			children = (
				AF1E07C52B49AA1E0047D9C4 /* Views */,
				AF1E07C42B49AA160047D9C4 /* Data */,
				AF1E07C32B49AA0E0047D9C4 /* Scripts */,
				AFF447A12B484AA0002E4A1A /* myHockey_TASApp.swift */,
				AFF447A52B484AA1002E4A1A /* Assets.xcassets */,
				AFF447A72B484AA1002E4A1A /* Preview Content */,
			);
			path = "myHockey TAS";
			sourceTree = "<group>";
		};
		AFF447A72B484AA1002E4A1A /* Preview Content */ = {
			isa = PBXGroup;
			children = (
				AFF447A82B484AA1002E4A1A /* Preview Assets.xcassets */,
			);
			path = "Preview Content";
			sourceTree = "<group>";
		};
		AFF6A3F92B4A343E001DF05C /* SubViews */ = {
			isa = PBXGroup;
			children = (
				AFCC51B92B4A630F00C25C55 /* GetCompView.swift */,
				AFCC51BB2B4A63F600C25C55 /* GetTeamView.swift */,
				AF31F0522B4AA3920086C0B2 /* CurrentTeamsView.swift */,
				AFE2A8252B4E9E35001DC739 /* RoundSummaryView.swift */,
				AFE2A8272B4EA3C7001DC739 /* RoundHeaderView.swift */,
				AF108A042B4F96A100076375 /* DateBoxView.swift */,
				AFEFC5B62B4FA96B0075B203 /* HeaderView.swift */,
				AFFE35E22B5187AD0009803E /* PlayerView.swift */,
				AFFCB8552B52763200F87902 /* PlayersView.swift */,
				AFFCB8572B52795D00F87902 /* GroundView.swift */,
			);
			path = SubViews;
			sourceTree = "<group>";
		};
/* End PBXGroup section */

/* Begin PBXNativeTarget section */
		AFF4479D2B484AA0002E4A1A /* myHockey TAS */ = {
			isa = PBXNativeTarget;
			buildConfigurationList = AFF447AC2B484AA1002E4A1A /* Build configuration list for PBXNativeTarget "myHockey TAS" */;
			buildPhases = (
				AFF4479A2B484AA0002E4A1A /* Sources */,
				AFF4479B2B484AA0002E4A1A /* Frameworks */,
				AFF4479C2B484AA0002E4A1A /* Resources */,
			);
			buildRules = (
			);
			dependencies = (
			);
			name = "myHockey TAS";
			productName = "myHockey TAS";
			productReference = AFF4479E2B484AA0002E4A1A /* myHockey TAS.app */;
			productType = "com.apple.product-type.application";
		};
/* End PBXNativeTarget section */

/* Begin PBXProject section */
		AFF447962B484AA0002E4A1A /* Project object */ = {
			isa = PBXProject;
			attributes = {
				BuildIndependentTargetsInParallel = 1;
				LastSwiftUpdateCheck = 1510;
				LastUpgradeCheck = 1510;
				TargetAttributes = {
					AFF4479D2B484AA0002E4A1A = {
						CreatedOnToolsVersion = 15.1;
					};
				};
			};
			buildConfigurationList = AFF447992B484AA0002E4A1A /* Build configuration list for PBXProject "myHockey TAS" */;
			compatibilityVersion = "Xcode 14.0";
			developmentRegion = en;
			hasScannedForEncodings = 0;
			knownRegions = (
				en,
				Base,
			);
			mainGroup = AFF447952B484AA0002E4A1A;
			productRefGroup = AFF4479F2B484AA0002E4A1A /* Products */;
			projectDirPath = "";
			projectRoot = "";
			targets = (
				AFF4479D2B484AA0002E4A1A /* myHockey TAS */,
			);
		};
/* End PBXProject section */

/* Begin PBXResourcesBuildPhase section */
		AFF4479C2B484AA0002E4A1A /* Resources */ = {
			isa = PBXResourcesBuildPhase;
			buildActionMask = 2147483647;
			files = (
				AFF447A92B484AA1002E4A1A /* Preview Assets.xcassets in Resources */,
				AFF447A62B484AA1002E4A1A /* Assets.xcassets in Resources */,
			);
			runOnlyForDeploymentPostprocessing = 0;
		};
/* End PBXResourcesBuildPhase section */

/* Begin PBXSourcesBuildPhase section */
		AFF4479A2B484AA0002E4A1A /* Sources */ = {
			isa = PBXSourcesBuildPhase;
			buildActionMask = 2147483647;
			files = (
				AFF447A42B484AA0002E4A1A /* ContentView.swift in Sources */,
				AFFE35E32B5187AD0009803E /* PlayerView.swift in Sources */,
				AFDCD3522B49067F00753864 /* TabItems.swift in Sources */,
				AFCC51BC2B4A63F600C25C55 /* GetTeamView.swift in Sources */,
				AFE2A8262B4E9E35001DC739 /* RoundSummaryView.swift in Sources */,
				AF0F392E2B4996C1004A2625 /* GetComps.swift in Sources */,
				AF7BE9C52B49727B00EDD3AE /* CurrentTeams.swift in Sources */,
				AFFCB8562B52763200F87902 /* PlayersView.swift in Sources */,
				AFCB36772B514AB1005683FA /* Players.swift in Sources */,
				AFFCB85A2B527A9F00F87902 /* GetGround.swift in Sources */,
				AF63D7672B4E788B00153A08 /* GetFixtures.swift in Sources */,
				AF2E36C72B4BD7C400BCF867 /* GetRounds.swift in Sources */,
				AFF447B02B484C8A002E4A1A /* LadderView.swift in Sources */,
				AF7BE9C32B496F5800EDD3AE /* LoadingView.swift in Sources */,
				AFF447B62B484CC8002E4A1A /* StatsView.swift in Sources */,
				AFF6A4052B4A4912001DF05C /* Clubs.swift in Sources */,
				AFF447B82B484D74002E4A1A /* SetupView.swift in Sources */,
				AFF447B22B484C9C002E4A1A /* FixtureView.swift in Sources */,
				AFF447A22B484AA0002E4A1A /* myHockey_TASApp.swift in Sources */,
				AF108A052B4F96A100076375 /* DateBoxView.swift in Sources */,
				AFF6A4032B4A3D20001DF05C /* General.swift in Sources */,
				AF2E36C52B4BD3AB00BCF867 /* Rounds.swift in Sources */,
				AFEFC5B72B4FA96B0075B203 /* HeaderView.swift in Sources */,
				AFFCB8582B52795D00F87902 /* GroundView.swift in Sources */,
				AFDCD3502B4905F900753864 /* TopFrameView.swift in Sources */,
				AFF6A4012B4A3771001DF05C /* GetTeams.swift in Sources */,
				AFE2A8282B4EA3C7001DC739 /* RoundHeaderView.swift in Sources */,
				AFF447B42B484CB8002E4A1A /* RoundView.swift in Sources */,
				AFCB36752B514A6D005683FA /* GetPlayers.swift in Sources */,
				AF0F39302B49975A004A2625 /* GetURL.swift in Sources */,
				AF31F0532B4AA3920086C0B2 /* CurrentTeamsView.swift in Sources */,
				AFCC51BA2B4A630F00C25C55 /* GetCompView.swift in Sources */,
				AF0F392C2B4996A1004A2625 /* Teams.swift in Sources */,
			);
			runOnlyForDeploymentPostprocessing = 0;
		};
/* End PBXSourcesBuildPhase section */

/* Begin XCBuildConfiguration section */
		AFF447AA2B484AA1002E4A1A /* Debug */ = {
			isa = XCBuildConfiguration;
			buildSettings = {
				ALWAYS_SEARCH_USER_PATHS = NO;
				ASSETCATALOG_COMPILER_GENERATE_SWIFT_ASSET_SYMBOL_EXTENSIONS = YES;
				CLANG_ANALYZER_NONNULL = YES;
				CLANG_ANALYZER_NUMBER_OBJECT_CONVERSION = YES_AGGRESSIVE;
				CLANG_CXX_LANGUAGE_STANDARD = "gnu++20";
				CLANG_ENABLE_MODULES = YES;
				CLANG_ENABLE_OBJC_ARC = YES;
				CLANG_ENABLE_OBJC_WEAK = YES;
				CLANG_WARN_BLOCK_CAPTURE_AUTORELEASING = YES;
				CLANG_WARN_BOOL_CONVERSION = YES;
				CLANG_WARN_COMMA = YES;
				CLANG_WARN_CONSTANT_CONVERSION = YES;
				CLANG_WARN_DEPRECATED_OBJC_IMPLEMENTATIONS = YES;
				CLANG_WARN_DIRECT_OBJC_ISA_USAGE = YES_ERROR;
				CLANG_WARN_DOCUMENTATION_COMMENTS = YES;
				CLANG_WARN_EMPTY_BODY = YES;
				CLANG_WARN_ENUM_CONVERSION = YES;
				CLANG_WARN_INFINITE_RECURSION = YES;
				CLANG_WARN_INT_CONVERSION = YES;
				CLANG_WARN_NON_LITERAL_NULL_CONVERSION = YES;
				CLANG_WARN_OBJC_IMPLICIT_RETAIN_SELF = YES;
				CLANG_WARN_OBJC_LITERAL_CONVERSION = YES;
				CLANG_WARN_OBJC_ROOT_CLASS = YES_ERROR;
				CLANG_WARN_QUOTED_INCLUDE_IN_FRAMEWORK_HEADER = YES;
				CLANG_WARN_RANGE_LOOP_ANALYSIS = YES;
				CLANG_WARN_STRICT_PROTOTYPES = YES;
				CLANG_WARN_SUSPICIOUS_MOVE = YES;
				CLANG_WARN_UNGUARDED_AVAILABILITY = YES_AGGRESSIVE;
				CLANG_WARN_UNREACHABLE_CODE = YES;
				CLANG_WARN__DUPLICATE_METHOD_MATCH = YES;
				COPY_PHASE_STRIP = NO;
				DEBUG_INFORMATION_FORMAT = dwarf;
				ENABLE_STRICT_OBJC_MSGSEND = YES;
				ENABLE_TESTABILITY = YES;
				ENABLE_USER_SCRIPT_SANDBOXING = YES;
				GCC_C_LANGUAGE_STANDARD = gnu17;
				GCC_DYNAMIC_NO_PIC = NO;
				GCC_NO_COMMON_BLOCKS = YES;
				GCC_OPTIMIZATION_LEVEL = 0;
				GCC_PREPROCESSOR_DEFINITIONS = (
					"DEBUG=1",
					"$(inherited)",
				);
				GCC_WARN_64_TO_32_BIT_CONVERSION = YES;
				GCC_WARN_ABOUT_RETURN_TYPE = YES_ERROR;
				GCC_WARN_UNDECLARED_SELECTOR = YES;
				GCC_WARN_UNINITIALIZED_AUTOS = YES_AGGRESSIVE;
				GCC_WARN_UNUSED_FUNCTION = YES;
				GCC_WARN_UNUSED_VARIABLE = YES;
				IPHONEOS_DEPLOYMENT_TARGET = 17.2;
				LOCALIZATION_PREFERS_STRING_CATALOGS = YES;
				MTL_ENABLE_DEBUG_INFO = INCLUDE_SOURCE;
				MTL_FAST_MATH = YES;
				ONLY_ACTIVE_ARCH = YES;
				SDKROOT = iphoneos;
				SWIFT_ACTIVE_COMPILATION_CONDITIONS = "DEBUG $(inherited)";
				SWIFT_OPTIMIZATION_LEVEL = "-Onone";
			};
			name = Debug;
		};
		AFF447AB2B484AA1002E4A1A /* Release */ = {
			isa = XCBuildConfiguration;
			buildSettings = {
				ALWAYS_SEARCH_USER_PATHS = NO;
				ASSETCATALOG_COMPILER_GENERATE_SWIFT_ASSET_SYMBOL_EXTENSIONS = YES;
				CLANG_ANALYZER_NONNULL = YES;
				CLANG_ANALYZER_NUMBER_OBJECT_CONVERSION = YES_AGGRESSIVE;
				CLANG_CXX_LANGUAGE_STANDARD = "gnu++20";
				CLANG_ENABLE_MODULES = YES;
				CLANG_ENABLE_OBJC_ARC = YES;
				CLANG_ENABLE_OBJC_WEAK = YES;
				CLANG_WARN_BLOCK_CAPTURE_AUTORELEASING = YES;
				CLANG_WARN_BOOL_CONVERSION = YES;
				CLANG_WARN_COMMA = YES;
				CLANG_WARN_CONSTANT_CONVERSION = YES;
				CLANG_WARN_DEPRECATED_OBJC_IMPLEMENTATIONS = YES;
				CLANG_WARN_DIRECT_OBJC_ISA_USAGE = YES_ERROR;
				CLANG_WARN_DOCUMENTATION_COMMENTS = YES;
				CLANG_WARN_EMPTY_BODY = YES;
				CLANG_WARN_ENUM_CONVERSION = YES;
				CLANG_WARN_INFINITE_RECURSION = YES;
				CLANG_WARN_INT_CONVERSION = YES;
				CLANG_WARN_NON_LITERAL_NULL_CONVERSION = YES;
				CLANG_WARN_OBJC_IMPLICIT_RETAIN_SELF = YES;
				CLANG_WARN_OBJC_LITERAL_CONVERSION = YES;
				CLANG_WARN_OBJC_ROOT_CLASS = YES_ERROR;
				CLANG_WARN_QUOTED_INCLUDE_IN_FRAMEWORK_HEADER = YES;
				CLANG_WARN_RANGE_LOOP_ANALYSIS = YES;
				CLANG_WARN_STRICT_PROTOTYPES = YES;
				CLANG_WARN_SUSPICIOUS_MOVE = YES;
				CLANG_WARN_UNGUARDED_AVAILABILITY = YES_AGGRESSIVE;
				CLANG_WARN_UNREACHABLE_CODE = YES;
				CLANG_WARN__DUPLICATE_METHOD_MATCH = YES;
				COPY_PHASE_STRIP = NO;
				DEBUG_INFORMATION_FORMAT = "dwarf-with-dsym";
				ENABLE_NS_ASSERTIONS = NO;
				ENABLE_STRICT_OBJC_MSGSEND = YES;
				ENABLE_USER_SCRIPT_SANDBOXING = YES;
				GCC_C_LANGUAGE_STANDARD = gnu17;
				GCC_NO_COMMON_BLOCKS = YES;
				GCC_WARN_64_TO_32_BIT_CONVERSION = YES;
				GCC_WARN_ABOUT_RETURN_TYPE = YES_ERROR;
				GCC_WARN_UNDECLARED_SELECTOR = YES;
				GCC_WARN_UNINITIALIZED_AUTOS = YES_AGGRESSIVE;
				GCC_WARN_UNUSED_FUNCTION = YES;
				GCC_WARN_UNUSED_VARIABLE = YES;
				IPHONEOS_DEPLOYMENT_TARGET = 17.2;
				LOCALIZATION_PREFERS_STRING_CATALOGS = YES;
				MTL_ENABLE_DEBUG_INFO = NO;
				MTL_FAST_MATH = YES;
				SDKROOT = iphoneos;
				SWIFT_COMPILATION_MODE = wholemodule;
				VALIDATE_PRODUCT = YES;
			};
			name = Release;
		};
		AFF447AD2B484AA1002E4A1A /* Debug */ = {
			isa = XCBuildConfiguration;
			buildSettings = {
				ASSETCATALOG_COMPILER_APPICON_NAME = AppIcon;
				ASSETCATALOG_COMPILER_GLOBAL_ACCENT_COLOR_NAME = AccentColor;
				CODE_SIGN_STYLE = Automatic;
				CURRENT_PROJECT_VERSION = 1;
				DEVELOPMENT_ASSET_PATHS = "\"myHockey TAS/Preview Content\"";
				DEVELOPMENT_TEAM = 4W572TG7MY;
				ENABLE_PREVIEWS = YES;
				GENERATE_INFOPLIST_FILE = YES;
				INFOPLIST_KEY_LSApplicationCategoryType = "public.app-category.sports";
				INFOPLIST_KEY_UIApplicationSceneManifest_Generation = YES;
				INFOPLIST_KEY_UIApplicationSupportsIndirectInputEvents = YES;
				INFOPLIST_KEY_UILaunchScreen_Generation = YES;
				INFOPLIST_KEY_UISupportedInterfaceOrientations = UIInterfaceOrientationPortrait;
				INFOPLIST_KEY_UISupportedInterfaceOrientations_iPad = "UIInterfaceOrientationLandscapeLeft UIInterfaceOrientationLandscapeRight UIInterfaceOrientationPortrait UIInterfaceOrientationPortraitUpsideDown";
				IPHONEOS_DEPLOYMENT_TARGET = 16.0;
				LD_RUNPATH_SEARCH_PATHS = (
					"$(inherited)",
					"@executable_path/Frameworks",
				);
				MARKETING_VERSION = 1.0;
				PRODUCT_BUNDLE_IDENTIFIER = "com.brettmoxey.myHockey-TAS";
				PRODUCT_NAME = "$(TARGET_NAME)";
				SUPPORTED_PLATFORMS = "iphoneos iphonesimulator";
				SUPPORTS_MACCATALYST = NO;
				SUPPORTS_MAC_DESIGNED_FOR_IPHONE_IPAD = NO;
				SWIFT_EMIT_LOC_STRINGS = YES;
				SWIFT_VERSION = 5.0;
				TARGETED_DEVICE_FAMILY = 1;
			};
			name = Debug;
		};
		AFF447AE2B484AA1002E4A1A /* Release */ = {
			isa = XCBuildConfiguration;
			buildSettings = {
				ASSETCATALOG_COMPILER_APPICON_NAME = AppIcon;
				ASSETCATALOG_COMPILER_GLOBAL_ACCENT_COLOR_NAME = AccentColor;
				CODE_SIGN_STYLE = Automatic;
				CURRENT_PROJECT_VERSION = 1;
				DEVELOPMENT_ASSET_PATHS = "\"myHockey TAS/Preview Content\"";
				DEVELOPMENT_TEAM = 4W572TG7MY;
				ENABLE_PREVIEWS = YES;
				GENERATE_INFOPLIST_FILE = YES;
				INFOPLIST_KEY_LSApplicationCategoryType = "public.app-category.sports";
				INFOPLIST_KEY_UIApplicationSceneManifest_Generation = YES;
				INFOPLIST_KEY_UIApplicationSupportsIndirectInputEvents = YES;
				INFOPLIST_KEY_UILaunchScreen_Generation = YES;
				INFOPLIST_KEY_UISupportedInterfaceOrientations = UIInterfaceOrientationPortrait;
				INFOPLIST_KEY_UISupportedInterfaceOrientations_iPad = "UIInterfaceOrientationLandscapeLeft UIInterfaceOrientationLandscapeRight UIInterfaceOrientationPortrait UIInterfaceOrientationPortraitUpsideDown";
				IPHONEOS_DEPLOYMENT_TARGET = 16.0;
				LD_RUNPATH_SEARCH_PATHS = (
					"$(inherited)",
					"@executable_path/Frameworks",
				);
				MARKETING_VERSION = 1.0;
				PRODUCT_BUNDLE_IDENTIFIER = "com.brettmoxey.myHockey-TAS";
				PRODUCT_NAME = "$(TARGET_NAME)";
				SUPPORTED_PLATFORMS = "iphoneos iphonesimulator";
				SUPPORTS_MACCATALYST = NO;
				SUPPORTS_MAC_DESIGNED_FOR_IPHONE_IPAD = NO;
				SWIFT_EMIT_LOC_STRINGS = YES;
				SWIFT_VERSION = 5.0;
				TARGETED_DEVICE_FAMILY = 1;
			};
			name = Release;
		};
/* End XCBuildConfiguration section */

/* Begin XCConfigurationList section */
		AFF447992B484AA0002E4A1A /* Build configuration list for PBXProject "myHockey TAS" */ = {
			isa = XCConfigurationList;
			buildConfigurations = (
				AFF447AA2B484AA1002E4A1A /* Debug */,
				AFF447AB2B484AA1002E4A1A /* Release */,
			);
			defaultConfigurationIsVisible = 0;
			defaultConfigurationName = Release;
		};
		AFF447AC2B484AA1002E4A1A /* Build configuration list for PBXNativeTarget "myHockey TAS" */ = {
			isa = XCConfigurationList;
			buildConfigurations = (
				AFF447AD2B484AA1002E4A1A /* Debug */,
				AFF447AE2B484AA1002E4A1A /* Release */,
			);
			defaultConfigurationIsVisible = 0;
			defaultConfigurationName = Release;
		};
/* End XCConfigurationList section */
	};
	rootObject = AFF447962B484AA0002E4A1A /* Project object */;
}
